
Microsoft Visual Studio Solution File, Format Version 12.00
# Visual Studio 15
VisualStudioVersion = 15.0.28307.1778
MinimumVisualStudioVersion = 10.0.40219.1
Project("{8BC9CEB8-8B4A-11D0-8D11-00A0C91BC942}") = "rlpm_app", "rlpm_app\rlpm_app.vcxproj", "{3583E847-8074-43D2-A08E-503090EAC57E}"
	ProjectSection(ProjectDependencies) = postProject
		{13329E00-5348-4542-BDC3-EA997B73641A} = {13329E00-5348-4542-BDC3-EA997B73641A}
	EndProjectSection
EndProject
Project("{8BC9CEB8-8B4A-11D0-8D11-00A0C91BC942}") = "rlpm_api", "rlpm_api\rlpm_api.vcxproj", "{13329E00-5348-4542-BDC3-EA997B73641A}"
EndProject
Global
	GlobalSection(SolutionConfigurationPlatforms) = preSolution
		Debug|x64 = Debug|x64
		Debug|x86 = Debug|x86
		Release|x64 = Release|x64
		Release|x86 = Release|x86
	EndGlobalSection
	GlobalSection(ProjectConfigurationPlatforms) = postSolution
		{3583E847-8074-43D2-A08E-503090EAC57E}.Debug|x64.ActiveCfg = Debug|x64
		{3583E847-8074-43D2-A08E-503090EAC57E}.Debug|x64.Build.0 = Debug|x64
		{3583E847-8074-43D2-A08E-503090EAC57E}.Debug|x86.ActiveCfg = Debug|Win32
		{3583E847-8074-43D2-A08E-503090EAC57E}.Debug|x86.Build.0 = Debug|Win32
		{3583E847-8074-43D2-A08E-503090EAC57E}.Release|x64.ActiveCfg = Release|x64
		{3583E847-8074-43D2-A08E-503090EAC57E}.Release|x64.Build.0 = Release|x64
		{3583E847-8074-43D2-A08E-503090EAC57E}.Release|x86.ActiveCfg = Release|Win32
		{3583E847-8074-43D2-A08E-503090EAC57E}.Release|x86.Build.0 = Release|Win32
		{13329E00-5348-4542-BDC3-EA997B73641A}.Debug|x64.ActiveCfg = Debug|x64
		{13329E00-5348-4542-BDC3-EA997B73641A}.Debug|x64.Build.0 = Debug|x64
		{13329E00-5348-4542-BDC3-EA997B73641A}.Debug|x86.ActiveCfg = Debug|Win32
		{13329E00-5348-4542-BDC3-EA997B73641A}.Debug|x86.Build.0 = Debug|Win32
		{13329E00-5348-4542-BDC3-EA997B73641A}.Release|x64.ActiveCfg = Release|x64
		{13329E00-5348-4542-BDC3-EA997B73641A}.Release|x64.Build.0 = Release|x64
		{13329E00-5348-4542-BDC3-EA997B73641A}.Release|x86.ActiveCfg = Release|Win32
		{13329E00-5348-4542-BDC3-EA997B73641A}.Release|x86.Build.0 = Release|Win32
	EndGlobalSection
	GlobalSection(SolutionProperties) = preSolution
		HideSolutionNode = FALSE
	EndGlobalSection
	GlobalSection(ExtensibilityGlobals) = postSolution
		SolutionGuid = {2FAEF4E1-A325-4E34-867A-28293B0B436C}
	EndGlobalSection
EndGlobal
